
Microsoft Visual Studio Solution File, Format Version 12.00
# Visual Studio Version 16
VisualStudioVersion = 16.0.35425.106
MinimumVisualStudioVersion = 10.0.40219.1
Project("{FAE04EC0-301F-11D3-BF4B-00C04F79EFBC}") = "ReversOf_Digit", "ReversOf_Digit.csproj", "{1B310FF3-A1AF-488A-8D54-CB3CA00E7E1B}"
EndProject
Global
	GlobalSection(SolutionConfigurationPlatforms) = preSolution
		Debug|Any CPU = Debug|Any CPU
		Release|Any CPU = Release|Any CPU
	EndGlobalSection
	GlobalSection(ProjectConfigurationPlatforms) = postSolution
		{1B310FF3-A1AF-488A-8D54-CB3CA00E7E1B}.Debug|Any CPU.ActiveCfg = Debug|Any CPU
		{1B310FF3-A1AF-488A-8D54-CB3CA00E7E1B}.Debug|Any CPU.Build.0 = Debug|Any CPU
		{1B310FF3-A1AF-488A-8D54-CB3CA00E7E1B}.Release|Any CPU.ActiveCfg = Release|Any CPU
		{1B310FF3-A1AF-488A-8D54-CB3CA00E7E1B}.Release|Any CPU.Build.0 = Release|Any CPU
	EndGlobalSection
	GlobalSection(SolutionProperties) = preSolution
		HideSolutionNode = FALSE
	EndGlobalSection
	GlobalSection(ExtensibilityGlobals) = postSolution
		SolutionGuid = {FB9C36DF-8576-4F29-99A5-40EDB9DD27CF}
	EndGlobalSection
EndGlobal
